
Microsoft Visual Studio Solution File, Format Version 12.00
# Visual Studio Version 17
VisualStudioVersion = 17.9.34728.123
MinimumVisualStudioVersion = 10.0.40219.1
Project("{9A19103F-16F7-4668-BE54-9A1E7A4F7556}") = "CounselBot", "CounselBot.csproj", "{E9C6FB29-38C6-4860-B201-17ED4FEA3669}"
EndProject
Global
	GlobalSection(SolutionConfigurationPlatforms) = preSolution
		Debug|Any CPU = Debug|Any CPU
		Release|Any CPU = Release|Any CPU
	EndGlobalSection
	GlobalSection(ProjectConfigurationPlatforms) = postSolution
		{E9C6FB29-38C6-4860-B201-17ED4FEA3669}.Debug|Any CPU.ActiveCfg = Debug|Any CPU
		{E9C6FB29-38C6-4860-B201-17ED4FEA3669}.Debug|Any CPU.Build.0 = Debug|Any CPU
		{E9C6FB29-38C6-4860-B201-17ED4FEA3669}.Debug|Any CPU.Deploy.0 = Debug|Any CPU
		{E9C6FB29-38C6-4860-B201-17ED4FEA3669}.Release|Any CPU.ActiveCfg = Release|Any CPU
		{E9C6FB29-38C6-4860-B201-17ED4FEA3669}.Release|Any CPU.Build.0 = Release|Any CPU
		{E9C6FB29-38C6-4860-B201-17ED4FEA3669}.Release|Any CPU.Deploy.0 = Release|Any CPU
	EndGlobalSection
	GlobalSection(SolutionProperties) = preSolution
		HideSolutionNode = FALSE
	EndGlobalSection
	GlobalSection(ExtensibilityGlobals) = postSolution
		SolutionGuid = {CF61BD23-DA06-4FAD-B08C-47EAD648982C}
	EndGlobalSection
EndGlobal
